
Microsoft Visual Studio Solution File, Format Version 12.00
# Visual Studio Version 16
VisualStudioVersion = 16.0.31729.503
MinimumVisualStudioVersion = 10.0.40219.1
Project("{FAE04EC0-301F-11D3-BF4B-00C04F79EFBC}") = "MCMSTechTest", "MCMSTechTest\MCMSTechTest.csproj", "{9C188712-2CC8-405A-82B4-F0AC8F705FBB}"
EndProject
Global
	GlobalSection(SolutionConfigurationPlatforms) = preSolution
		Debug|Any CPU = Debug|Any CPU
		Release|Any CPU = Release|Any CPU
	EndGlobalSection
	GlobalSection(ProjectConfigurationPlatforms) = postSolution
		{9C188712-2CC8-405A-82B4-F0AC8F705FBB}.Debug|Any CPU.ActiveCfg = Debug|Any CPU
		{9C188712-2CC8-405A-82B4-F0AC8F705FBB}.Debug|Any CPU.Build.0 = Debug|Any CPU
		{9C188712-2CC8-405A-82B4-F0AC8F705FBB}.Release|Any CPU.ActiveCfg = Release|Any CPU
		{9C188712-2CC8-405A-82B4-F0AC8F705FBB}.Release|Any CPU.Build.0 = Release|Any CPU
	EndGlobalSection
	GlobalSection(SolutionProperties) = preSolution
		HideSolutionNode = FALSE
	EndGlobalSection
	GlobalSection(ExtensibilityGlobals) = postSolution
		SolutionGuid = {54DDA721-566E-496D-A638-8B25C3C9ECCF}
	EndGlobalSection
EndGlobal
